dependencies:
  espressif/mdns:
    component_hash: b679eafd0acae2066e2645bd91d073e33ca5be515e2545cd3c4e55a3e3bce3cb
    dependencies:
    - name: idf
      require: private
      version: '>=5.0'
    source:
      registry_url: https://components.espressif.com/
      type: service
    version: 1.13.1
  idf:
    source:
      type: idf
    version: 6.1.0
direct_dependencies:
- espressif/mdns
- idf
manifest_hash: fa171dbbfb3685a298d0eb8750ce83872ac4c21ef90b73a4256501ee7128e0cb
target: esp32
version: 3.0.0
